{
  "name": "ticketapi",
  "lockfileVersion": 3,
  "requires": true,
  "packages": {
    "": {
      "dependencies": {
        "@azure/mcp-win32-x64": "^3.0.0-beta.34"
      }
    },
    "node_modules/@azure/mcp-win32-x64": {
      "version": "3.0.0-beta.34",
      "resolved": "https://ms-feed-17.pkgs.visualstudio.com/1es-public/_packaging/npm-public/npm/registry/@azure/mcp-win32-x64/-/mcp-win32-x64-3.0.0-beta.34.tgz",
      "integrity": "sha1-kW5W3VDM5G1recgu7AFwh2J8gyg=",
      "cpu": [
        "x64"
      ],
      "license": "MIT",
      "os": [
        "win32"
      ],
      "bin": {
        "azmcp-win32-x64": "dist/azmcp.exe"
      },
      "engines": {
        "node": ">=22.0.0"
      }
    }
  }
}
